
Microsoft Visual Studio Solution File, Format Version 12.00
# Visual Studio Version 17
VisualStudioVersion = 17.4.33403.182
MinimumVisualStudioVersion = 10.0.40219.1
Project("{FAE04EC0-301F-11D3-BF4B-00C04F79EFBC}") = "PowerShellMailUtils", "PowerShellMailUtils\PowerShellMailUtils.csproj", "{EC68A5E1-A04D-442E-A906-877FF7FCE07A}"
EndProject
Global
	GlobalSection(SolutionConfigurationPlatforms) = preSolution
		Debug|Any CPU = Debug|Any CPU
		Release|Any CPU = Release|Any CPU
	EndGlobalSection
	GlobalSection(ProjectConfigurationPlatforms) = postSolution
		{EC68A5E1-A04D-442E-A906-877FF7FCE07A}.Debug|Any CPU.ActiveCfg = Debug|Any CPU
		{EC68A5E1-A04D-442E-A906-877FF7FCE07A}.Debug|Any CPU.Build.0 = Debug|Any CPU
		{EC68A5E1-A04D-442E-A906-877FF7FCE07A}.Release|Any CPU.ActiveCfg = Release|Any CPU
		{EC68A5E1-A04D-442E-A906-877FF7FCE07A}.Release|Any CPU.Build.0 = Release|Any CPU
	EndGlobalSection
	GlobalSection(SolutionProperties) = preSolution
		HideSolutionNode = FALSE
	EndGlobalSection
	GlobalSection(ExtensibilityGlobals) = postSolution
		SolutionGuid = {EB23A4F3-D9C1-4753-A427-3F035D6CEFE8}
	EndGlobalSection
EndGlobal
